
Microsoft Visual Studio Solution File, Format Version 12.00
# Visual Studio 2012
Project("{FAE04EC0-301F-11D3-BF4B-00C04F79EFBC}") = "DIFrameworksPerformanceTester", "DIFrameworksPerformanceTester\DIFrameworksPerformanceTester.csproj", "{56840DD7-2E1C-4091-97DD-4963D335E33A}"
EndProject
Global
	GlobalSection(SolutionConfigurationPlatforms) = preSolution
		Debug|Any CPU = Debug|Any CPU
		Release|Any CPU = Release|Any CPU
	EndGlobalSection
	GlobalSection(ProjectConfigurationPlatforms) = postSolution
		{56840DD7-2E1C-4091-97DD-4963D335E33A}.Debug|Any CPU.ActiveCfg = Debug|Any CPU
		{56840DD7-2E1C-4091-97DD-4963D335E33A}.Debug|Any CPU.Build.0 = Debug|Any CPU
		{56840DD7-2E1C-4091-97DD-4963D335E33A}.Release|Any CPU.ActiveCfg = Release|Any CPU
		{56840DD7-2E1C-4091-97DD-4963D335E33A}.Release|Any CPU.Build.0 = Release|Any CPU
	EndGlobalSection
	GlobalSection(SolutionProperties) = preSolution
		HideSolutionNode = FALSE
	EndGlobalSection
EndGlobal
